
Microsoft Visual Studio Solution File, Format Version 12.00
# Visual Studio Version 17
VisualStudioVersion = 17.13.35931.197
MinimumVisualStudioVersion = 10.0.40219.1
Project("{FAE04EC0-301F-11D3-BF4B-00C04F79EFBC}") = "Meetmind", "Meetmind\Meetmind.csproj", "{AB303B82-7193-45B8-B592-F0FB5F8CAD9B}"
EndProject
Project("{FAE04EC0-301F-11D3-BF4B-00C04F79EFBC}") = "Meetmind.Presentation", "Meetmind.Presentation\Meetmind.Presentation.csproj", "{9E3B9EAA-2588-4599-BDC2-B66B659BA38B}"
EndProject
Project("{FAE04EC0-301F-11D3-BF4B-00C04F79EFBC}") = "Meetmind.Application", "Meetmind.Application\Meetmind.Application.csproj", "{D8DFDD84-9017-4202-889F-7D02D89B05B5}"
EndProject
Project("{FAE04EC0-301F-11D3-BF4B-00C04F79EFBC}") = "Meetmind.Domain", "Meetmind.Domain\Meetmind.Domain.csproj", "{C604EFE1-59ED-47CA-A8B0-D1D34AC5803B}"
EndProject
Project("{FAE04EC0-301F-11D3-BF4B-00C04F79EFBC}") = "Meetmind.Infrastructure", "Meetmind.Infrastructure\Meetmind.Infrastructure.csproj", "{6F1EBDC1-6783-40E3-9E96-04C2F76C1D88}"
EndProject
Project("{2150E333-8FDC-42A3-9474-1A3956D46DE8}") = "Tests", "Tests", "{02EA681E-C7D8-13C7-8484-4AC65E1B71E8}"
EndProject
Project("{FAE04EC0-301F-11D3-BF4B-00C04F79EFBC}") = "Meetmind.Presentation.test", "Tests\Meetmind.Presentation.test\Meetmind.Presentation.test.csproj", "{42FB3576-FEB8-45CE-8E9F-3C0FE1EB72A6}"
EndProject
Project("{FAE04EC0-301F-11D3-BF4B-00C04F79EFBC}") = "Meetmind.Application.test", "Tests\Meetmind.Application.test\Meetmind.Application.test.csproj", "{5ADE0ACF-2CF2-4069-8C23-16C7D70A7EC3}"
EndProject
Global
	GlobalSection(SolutionConfigurationPlatforms) = preSolution
		Debug|Any CPU = Debug|Any CPU
		Release|Any CPU = Release|Any CPU
	EndGlobalSection
	GlobalSection(ProjectConfigurationPlatforms) = postSolution
		{AB303B82-7193-45B8-B592-F0FB5F8CAD9B}.Debug|Any CPU.ActiveCfg = Debug|Any CPU
		{AB303B82-7193-45B8-B592-F0FB5F8CAD9B}.Debug|Any CPU.Build.0 = Debug|Any CPU
		{AB303B82-7193-45B8-B592-F0FB5F8CAD9B}.Release|Any CPU.ActiveCfg = Release|Any CPU
		{AB303B82-7193-45B8-B592-F0FB5F8CAD9B}.Release|Any CPU.Build.0 = Release|Any CPU
		{9E3B9EAA-2588-4599-BDC2-B66B659BA38B}.Debug|Any CPU.ActiveCfg = Debug|Any CPU
		{9E3B9EAA-2588-4599-BDC2-B66B659BA38B}.Debug|Any CPU.Build.0 = Debug|Any CPU
		{9E3B9EAA-2588-4599-BDC2-B66B659BA38B}.Release|Any CPU.ActiveCfg = Release|Any CPU
		{9E3B9EAA-2588-4599-BDC2-B66B659BA38B}.Release|Any CPU.Build.0 = Release|Any CPU
		{D8DFDD84-9017-4202-889F-7D02D89B05B5}.Debug|Any CPU.ActiveCfg = Debug|Any CPU
		{D8DFDD84-9017-4202-889F-7D02D89B05B5}.Debug|Any CPU.Build.0 = Debug|Any CPU
		{D8DFDD84-9017-4202-889F-7D02D89B05B5}.Release|Any CPU.ActiveCfg = Release|Any CPU
		{D8DFDD84-9017-4202-889F-7D02D89B05B5}.Release|Any CPU.Build.0 = Release|Any CPU
		{C604EFE1-59ED-47CA-A8B0-D1D34AC5803B}.Debug|Any CPU.ActiveCfg = Debug|Any CPU
		{C604EFE1-59ED-47CA-A8B0-D1D34AC5803B}.Debug|Any CPU.Build.0 = Debug|Any CPU
		{C604EFE1-59ED-47CA-A8B0-D1D34AC5803B}.Release|Any CPU.ActiveCfg = Release|Any CPU
		{C604EFE1-59ED-47CA-A8B0-D1D34AC5803B}.Release|Any CPU.Build.0 = Release|Any CPU
		{6F1EBDC1-6783-40E3-9E96-04C2F76C1D88}.Debug|Any CPU.ActiveCfg = Debug|Any CPU
		{6F1EBDC1-6783-40E3-9E96-04C2F76C1D88}.Debug|Any CPU.Build.0 = Debug|Any CPU
		{6F1EBDC1-6783-40E3-9E96-04C2F76C1D88}.Release|Any CPU.ActiveCfg = Release|Any CPU
		{6F1EBDC1-6783-40E3-9E96-04C2F76C1D88}.Release|Any CPU.Build.0 = Release|Any CPU
		{42FB3576-FEB8-45CE-8E9F-3C0FE1EB72A6}.Debug|Any CPU.ActiveCfg = Debug|Any CPU
		{42FB3576-FEB8-45CE-8E9F-3C0FE1EB72A6}.Debug|Any CPU.Build.0 = Debug|Any CPU
		{42FB3576-FEB8-45CE-8E9F-3C0FE1EB72A6}.Release|Any CPU.ActiveCfg = Release|Any CPU
		{42FB3576-FEB8-45CE-8E9F-3C0FE1EB72A6}.Release|Any CPU.Build.0 = Release|Any CPU
		{5ADE0ACF-2CF2-4069-8C23-16C7D70A7EC3}.Debug|Any CPU.ActiveCfg = Debug|Any CPU
		{5ADE0ACF-2CF2-4069-8C23-16C7D70A7EC3}.Debug|Any CPU.Build.0 = Debug|Any CPU
		{5ADE0ACF-2CF2-4069-8C23-16C7D70A7EC3}.Release|Any CPU.ActiveCfg = Release|Any CPU
		{5ADE0ACF-2CF2-4069-8C23-16C7D70A7EC3}.Release|Any CPU.Build.0 = Release|Any CPU
	EndGlobalSection
	GlobalSection(SolutionProperties) = preSolution
		HideSolutionNode = FALSE
	EndGlobalSection
	GlobalSection(NestedProjects) = preSolution
		{42FB3576-FEB8-45CE-8E9F-3C0FE1EB72A6} = {02EA681E-C7D8-13C7-8484-4AC65E1B71E8}
		{5ADE0ACF-2CF2-4069-8C23-16C7D70A7EC3} = {02EA681E-C7D8-13C7-8484-4AC65E1B71E8}
	EndGlobalSection
	GlobalSection(ExtensibilityGlobals) = postSolution
		SolutionGuid = {87FC0956-66C9-4D8F-9F08-9714A551A262}
	EndGlobalSection
EndGlobal
